// !$*UTF8*$!
{
	archiveVersion = 1;
	classes = {
	};
	objectVersion = 46;
	objects = {

/* Begin PBXBuildFile section */
		1E2D8B8A1F1141130025613F /* Date+ISO8601.swift in Sources */ = {isa = PBXBuildFile; fileRef = 1E2D8B891F1141130025613F /* Date+ISO8601.swift */; };
		1E4D5A231F0C0E4600D2453D /* Result.framework in Frameworks */ = {isa = PBXBuildFile; fileRef = 1E4D5A221F0C0E4600D2453D /* Result.framework */; };
		1E4D5A4A1F0C0E9900D2453D /* OctavAPI.swift in Sources */ = {isa = PBXBuildFile; fileRef = 1E4D5A3D1F0C0E9900D2453D /* OctavAPI.swift */; };
		1E4D5A4B1F0C0E9900D2453D /* OctavAPIError.swift in Sources */ = {isa = PBXBuildFile; fileRef = 1E4D5A3E1F0C0E9900D2453D /* OctavAPIError.swift */; };
		1E4D5A4C1F0C0E9900D2453D /* OctavKit.swift in Sources */ = {isa = PBXBuildFile; fileRef = 1E4D5A401F0C0E9900D2453D /* OctavKit.swift */; };
		1E4D5A4E1F0C0E9900D2453D /* Id.swift in Sources */ = {isa = PBXBuildFile; fileRef = 1E4D5A431F0C0E9900D2453D /* Id.swift */; };
		1E4D5A4F1F0C0E9900D2453D /* Room.swift in Sources */ = {isa = PBXBuildFile; fileRef = 1E4D5A441F0C0E9900D2453D /* Room.swift */; };
		1E4D5A501F0C0E9900D2453D /* Session.swift in Sources */ = {isa = PBXBuildFile; fileRef = 1E4D5A451F0C0E9900D2453D /* Session.swift */; };
		1E4D5A511F0C0E9900D2453D /* Speaker.swift in Sources */ = {isa = PBXBuildFile; fileRef = 1E4D5A461F0C0E9900D2453D /* Speaker.swift */; };
		1E4D5A521F0C0E9900D2453D /* HTTPMethod.swift in Sources */ = {isa = PBXBuildFile; fileRef = 1E4D5A481F0C0E9900D2453D /* HTTPMethod.swift */; };
		1E4D5A531F0C0E9900D2453D /* Request.swift in Sources */ = {isa = PBXBuildFile; fileRef = 1E4D5A491F0C0E9900D2453D /* Request.swift */; };
		1E4D5A561F0C179900D2453D /* Result.framework in Frameworks */ = {isa = PBXBuildFile; fileRef = 1E4D5A221F0C0E4600D2453D /* Result.framework */; };
		1E4D5A571F0C179900D2453D /* Himotoki.framework in Frameworks */ = {isa = PBXBuildFile; fileRef = 44884BD81EFE3A1700E7682A /* Himotoki.framework */; };
		1E4D5A5A1F0C1B7900D2453D /* ParameterHolder.swift in Sources */ = {isa = PBXBuildFile; fileRef = 1E4D5A591F0C1B7900D2453D /* ParameterHolder.swift */; };
		1E5C14DF1F120C1E00AEB4F7 /* Sponsor.swift in Sources */ = {isa = PBXBuildFile; fileRef = 1E5C14DE1F120C1E00AEB4F7 /* Sponsor.swift */; };
		1EF8B0AD1F127E0B009DDB70 /* Date+components.swift in Sources */ = {isa = PBXBuildFile; fileRef = 1EF8B0AC1F127E0B009DDB70 /* Date+components.swift */; };
		44884BD91EFE3A1700E7682A /* Himotoki.framework in Frameworks */ = {isa = PBXBuildFile; fileRef = 44884BD81EFE3A1700E7682A /* Himotoki.framework */; };
		OBJ_27 /* OctavKitTests.swift in Sources */ = {isa = PBXBuildFile; fileRef = OBJ_11 /* OctavKitTests.swift */; };
		OBJ_29 /* OctavKit.framework in Frameworks */ = {isa = PBXBuildFile; fileRef = OBJ_13 /* OctavKit.framework */; };
/* End PBXBuildFile section */

/* Begin PBXContainerItemProxy section */
		1E3D375E1EE9C6D6004ABACA /* PBXContainerItemProxy */ = {
			isa = PBXContainerItemProxy;
			containerPortal = OBJ_1 /* Project object */;
			proxyType = 1;
			remoteGlobalIDString = OBJ_15;
			remoteInfo = OctavKit;
		};
/* End PBXContainerItemProxy section */

/* Begin PBXFileReference section */
		1E2D8B891F1141130025613F /* Date+ISO8601.swift */ = {isa = PBXFileReference; fileEncoding = 4; lastKnownFileType = sourcecode.swift; path = "Date+ISO8601.swift"; sourceTree = "<group>"; };
		1E4D5A221F0C0E4600D2453D /* Result.framework */ = {isa = PBXFileReference; lastKnownFileType = wrapper.framework; name = Result.framework; path = Carthage/Build/iOS/Result.framework; sourceTree = "<group>"; };
		1E4D5A3D1F0C0E9900D2453D /* OctavAPI.swift */ = {isa = PBXFileReference; fileEncoding = 4; lastKnownFileType = sourcecode.swift; path = OctavAPI.swift; sourceTree = "<group>"; };
		1E4D5A3E1F0C0E9900D2453D /* OctavAPIError.swift */ = {isa = PBXFileReference; fileEncoding = 4; lastKnownFileType = sourcecode.swift; path = OctavAPIError.swift; sourceTree = "<group>"; };
		1E4D5A401F0C0E9900D2453D /* OctavKit.swift */ = {isa = PBXFileReference; fileEncoding = 4; lastKnownFileType = sourcecode.swift; path = OctavKit.swift; sourceTree = "<group>"; };
		1E4D5A431F0C0E9900D2453D /* Id.swift */ = {isa = PBXFileReference; fileEncoding = 4; lastKnownFileType = sourcecode.swift; path = Id.swift; sourceTree = "<group>"; };
		1E4D5A441F0C0E9900D2453D /* Room.swift */ = {isa = PBXFileReference; fileEncoding = 4; lastKnownFileType = sourcecode.swift; path = Room.swift; sourceTree = "<group>"; };
		1E4D5A451F0C0E9900D2453D /* Session.swift */ = {isa = PBXFileReference; fileEncoding = 4; lastKnownFileType = sourcecode.swift; path = Session.swift; sourceTree = "<group>"; };
		1E4D5A461F0C0E9900D2453D /* Speaker.swift */ = {isa = PBXFileReference; fileEncoding = 4; lastKnownFileType = sourcecode.swift; path = Speaker.swift; sourceTree = "<group>"; };
		1E4D5A481F0C0E9900D2453D /* HTTPMethod.swift */ = {isa = PBXFileReference; fileEncoding = 4; lastKnownFileType = sourcecode.swift; path = HTTPMethod.swift; sourceTree = "<group>"; };
		1E4D5A491F0C0E9900D2453D /* Request.swift */ = {isa = PBXFileReference; fileEncoding = 4; lastKnownFileType = sourcecode.swift; path = Request.swift; sourceTree = "<group>"; };
		1E4D5A591F0C1B7900D2453D /* ParameterHolder.swift */ = {isa = PBXFileReference; fileEncoding = 4; lastKnownFileType = sourcecode.swift; path = ParameterHolder.swift; sourceTree = "<group>"; };
		1E5C14DE1F120C1E00AEB4F7 /* Sponsor.swift */ = {isa = PBXFileReference; fileEncoding = 4; lastKnownFileType = sourcecode.swift; path = Sponsor.swift; sourceTree = "<group>"; };
		1EF8B0AC1F127E0B009DDB70 /* Date+components.swift */ = {isa = PBXFileReference; fileEncoding = 4; lastKnownFileType = sourcecode.swift; path = "Date+components.swift"; sourceTree = "<group>"; };
		44884BD81EFE3A1700E7682A /* Himotoki.framework */ = {isa = PBXFileReference; lastKnownFileType = wrapper.framework; name = Himotoki.framework; path = Carthage/Build/iOS/Himotoki.framework; sourceTree = "<group>"; };
		OBJ_11 /* OctavKitTests.swift */ = {isa = PBXFileReference; lastKnownFileType = sourcecode.swift; path = OctavKitTests.swift; sourceTree = "<group>"; };
		OBJ_13 /* OctavKit.framework */ = {isa = PBXFileReference; explicitFileType = wrapper.framework; path = OctavKit.framework; sourceTree = BUILT_PRODUCTS_DIR; };
		OBJ_14 /* OctavKitTests.xctest */ = {isa = PBXFileReference; explicitFileType = wrapper.cfbundle; path = OctavKitTests.xctest; sourceTree = BUILT_PRODUCTS_DIR; };
		OBJ_6 /* Package.swift */ = {isa = PBXFileReference; explicitFileType = sourcecode.swift; path = Package.swift; sourceTree = "<group>"; };
/* End PBXFileReference section */

/* Begin PBXFrameworksBuildPhase section */
		OBJ_21 /* Frameworks */ = {
			isa = PBXFrameworksBuildPhase;
			buildActionMask = 0;
			files = (
				44884BD91EFE3A1700E7682A /* Himotoki.framework in Frameworks */,
				1E4D5A231F0C0E4600D2453D /* Result.framework in Frameworks */,
			);
			runOnlyForDeploymentPostprocessing = 0;
		};
		OBJ_28 /* Frameworks */ = {
			isa = PBXFrameworksBuildPhase;
			buildActionMask = 0;
			files = (
				1E4D5A561F0C179900D2453D /* Result.framework in Frameworks */,
				1E4D5A571F0C179900D2453D /* Himotoki.framework in Frameworks */,
				OBJ_29 /* OctavKit.framework in Frameworks */,
			);
			runOnlyForDeploymentPostprocessing = 0;
		};
/* End PBXFrameworksBuildPhase section */

/* Begin PBXGroup section */
		1E2D8B881F1141010025613F /* extension */ = {
			isa = PBXGroup;
			children = (
				1E2D8B891F1141130025613F /* Date+ISO8601.swift */,
				1EF8B0AC1F127E0B009DDB70 /* Date+components.swift */,
			);
			path = extension;
			sourceTree = "<group>";
		};
		1E4D5A3C1F0C0E9900D2453D /* api */ = {
			isa = PBXGroup;
			children = (
				1E4D5A3D1F0C0E9900D2453D /* OctavAPI.swift */,
				1E4D5A3E1F0C0E9900D2453D /* OctavAPIError.swift */,
				1E4D5A591F0C1B7900D2453D /* ParameterHolder.swift */,
			);
			path = api;
			sourceTree = "<group>";
		};
		1E4D5A411F0C0E9900D2453D /* model */ = {
			isa = PBXGroup;
			children = (
				1E4D5A431F0C0E9900D2453D /* Id.swift */,
				1E4D5A441F0C0E9900D2453D /* Room.swift */,
				1E4D5A451F0C0E9900D2453D /* Session.swift */,
				1E4D5A461F0C0E9900D2453D /* Speaker.swift */,
				1E5C14DE1F120C1E00AEB4F7 /* Sponsor.swift */,
			);
			path = model;
			sourceTree = "<group>";
		};
		1E4D5A471F0C0E9900D2453D /* request */ = {
			isa = PBXGroup;
			children = (
				1E4D5A481F0C0E9900D2453D /* HTTPMethod.swift */,
				1E4D5A491F0C0E9900D2453D /* Request.swift */,
			);
			path = request;
			sourceTree = "<group>";
		};
		44884BD71EFE3A1700E7682A /* Frameworks */ = {
			isa = PBXGroup;
			children = (
				1E4D5A221F0C0E4600D2453D /* Result.framework */,
				44884BD81EFE3A1700E7682A /* Himotoki.framework */,
			);
			name = Frameworks;
			sourceTree = "<group>";
		};
		OBJ_10 /* OctavKitTests */ = {
			isa = PBXGroup;
			children = (
				OBJ_11 /* OctavKitTests.swift */,
			);
			path = OctavKitTests;
			sourceTree = "<group>";
		};
		OBJ_12 /* Products */ = {
			isa = PBXGroup;
			children = (
				OBJ_13 /* OctavKit.framework */,
				OBJ_14 /* OctavKitTests.xctest */,
			);
			name = Products;
			sourceTree = BUILT_PRODUCTS_DIR;
		};
		OBJ_5 = {
			isa = PBXGroup;
			children = (
				44884BD71EFE3A1700E7682A /* Frameworks */,
				OBJ_12 /* Products */,
				OBJ_7 /* Sources */,
				OBJ_9 /* Tests */,
				OBJ_6 /* Package.swift */,
			);
			sourceTree = "<group>";
		};
		OBJ_7 /* Sources */ = {
			isa = PBXGroup;
			children = (
				1E4D5A3C1F0C0E9900D2453D /* api */,
				1E2D8B881F1141010025613F /* extension */,
				1E4D5A411F0C0E9900D2453D /* model */,
				1E4D5A471F0C0E9900D2453D /* request */,
				1E4D5A401F0C0E9900D2453D /* OctavKit.swift */,
			);
			path = Sources;
			sourceTree = "<group>";
		};
		OBJ_9 /* Tests */ = {
			isa = PBXGroup;
			children = (
				OBJ_10 /* OctavKitTests */,
			);
			path = Tests;
			sourceTree = "<group>";
		};
/* End PBXGroup section */

/* Begin PBXNativeTarget section */
		OBJ_15 /* OctavKit */ = {
			isa = PBXNativeTarget;
			buildConfigurationList = OBJ_16 /* Build configuration list for PBXNativeTarget "OctavKit" */;
			buildPhases = (
				OBJ_19 /* Sources */,
				OBJ_21 /* Frameworks */,
				44884BDA1EFE3A2900E7682A /* Carthage Run Script */,
			);
			buildRules = (
			);
			dependencies = (
			);
			name = OctavKit;
			productName = OctavKit;
			productReference = OBJ_13 /* OctavKit.framework */;
			productType = "com.apple.product-type.framework";
		};
		OBJ_22 /* OctavKitTests */ = {
			isa = PBXNativeTarget;
			buildConfigurationList = OBJ_23 /* Build configuration list for PBXNativeTarget "OctavKitTests" */;
			buildPhases = (
				OBJ_26 /* Sources */,
				OBJ_28 /* Frameworks */,
				1E4D5A581F0C17AB00D2453D /* ShellScript */,
			);
			buildRules = (
			);
			dependencies = (
				OBJ_30 /* PBXTargetDependency */,
			);
			name = OctavKitTests;
			productName = OctavKitTests;
			productReference = OBJ_14 /* OctavKitTests.xctest */;
			productType = "com.apple.product-type.bundle.unit-test";
		};
/* End PBXNativeTarget section */

/* Begin PBXProject section */
		OBJ_1 /* Project object */ = {
			isa = PBXProject;
			attributes = {
				LastUpgradeCheck = 9999;
			};
			buildConfigurationList = OBJ_2 /* Build configuration list for PBXProject "OctavKit" */;
			compatibilityVersion = "Xcode 3.2";
			developmentRegion = English;
			hasScannedForEncodings = 0;
			knownRegions = (
				en,
			);
			mainGroup = OBJ_5;
			productRefGroup = OBJ_12 /* Products */;
			projectDirPath = "";
			projectRoot = "";
			targets = (
				OBJ_15 /* OctavKit */,
				OBJ_22 /* OctavKitTests */,
			);
		};
/* End PBXProject section */

/* Begin PBXShellScriptBuildPhase section */
		1E4D5A581F0C17AB00D2453D /* ShellScript */ = {
			isa = PBXShellScriptBuildPhase;
			buildActionMask = 2147483647;
			files = (
			);
			inputPaths = (
				"$(SRCROOT)/Carthage/Build/iOS/Himotoki.framework",
				"$(SRCROOT)/Carthage/Build/iOS/Result.framework",
			);
			outputPaths = (
			);
			runOnlyForDeploymentPostprocessing = 0;
			shellPath = /bin/sh;
			shellScript = "/usr/local/bin/carthage copy-frameworks";
		};
		44884BDA1EFE3A2900E7682A /* Carthage Run Script */ = {
			isa = PBXShellScriptBuildPhase;
			buildActionMask = 2147483647;
			files = (
			);
			inputPaths = (
				"$(SRCROOT)/Carthage/Build/iOS/Himotoki.framework",
				"$(SRCROOT)/Carthage/Build/iOS/Result.framework",
			);
			name = "Carthage Run Script";
			outputPaths = (
			);
			runOnlyForDeploymentPostprocessing = 0;
			shellPath = /bin/sh;
			shellScript = "/usr/local/bin/carthage copy-frameworks";
		};
/* End PBXShellScriptBuildPhase section */

/* Begin PBXSourcesBuildPhase section */
		OBJ_19 /* Sources */ = {
			isa = PBXSourcesBuildPhase;
			buildActionMask = 0;
			files = (
				1E5C14DF1F120C1E00AEB4F7 /* Sponsor.swift in Sources */,
				1E4D5A5A1F0C1B7900D2453D /* ParameterHolder.swift in Sources */,
				1E4D5A501F0C0E9900D2453D /* Session.swift in Sources */,
				1E4D5A4A1F0C0E9900D2453D /* OctavAPI.swift in Sources */,
				1E4D5A531F0C0E9900D2453D /* Request.swift in Sources */,
				1E4D5A4C1F0C0E9900D2453D /* OctavKit.swift in Sources */,
				1E4D5A511F0C0E9900D2453D /* Speaker.swift in Sources */,
				1E4D5A4F1F0C0E9900D2453D /* Room.swift in Sources */,
				1E4D5A521F0C0E9900D2453D /* HTTPMethod.swift in Sources */,
				1E4D5A4B1F0C0E9900D2453D /* OctavAPIError.swift in Sources */,
				1E4D5A4E1F0C0E9900D2453D /* Id.swift in Sources */,
				1EF8B0AD1F127E0B009DDB70 /* Date+components.swift in Sources */,
				1E2D8B8A1F1141130025613F /* Date+ISO8601.swift in Sources */,
			);
			runOnlyForDeploymentPostprocessing = 0;
		};
		OBJ_26 /* Sources */ = {
			isa = PBXSourcesBuildPhase;
			buildActionMask = 0;
			files = (
				OBJ_27 /* OctavKitTests.swift in Sources */,
			);
			runOnlyForDeploymentPostprocessing = 0;
		};
/* End PBXSourcesBuildPhase section */

/* Begin PBXTargetDependency section */
		OBJ_30 /* PBXTargetDependency */ = {
			isa = PBXTargetDependency;
			target = OBJ_15 /* OctavKit */;
			targetProxy = 1E3D375E1EE9C6D6004ABACA /* PBXContainerItemProxy */;
		};
/* End PBXTargetDependency section */

/* Begin XCBuildConfiguration section */
		OBJ_17 /* Debug */ = {
			isa = XCBuildConfiguration;
			buildSettings = {
				ENABLE_TESTABILITY = YES;
				FRAMEWORK_SEARCH_PATHS = (
					"$(inherited)",
					"$(PLATFORM_DIR)/Developer/Library/Frameworks",
					"$(PROJECT_DIR)/Carthage/Build/iOS",
				);
				HEADER_SEARCH_PATHS = "$(inherited)";
				INFOPLIST_FILE = OctavKit.xcodeproj/OctavKit_Info.plist;
				LD_RUNPATH_SEARCH_PATHS = "$(TOOLCHAIN_DIR)/usr/lib/swift/macosx";
				OTHER_LDFLAGS = "$(inherited)";
				OTHER_SWIFT_FLAGS = "$(inherited)";
				PRODUCT_BUNDLE_IDENTIFIER = OctavKit;
				PRODUCT_MODULE_NAME = "$(TARGET_NAME:c99extidentifier)";
				PRODUCT_NAME = "$(TARGET_NAME:c99extidentifier)";
				SKIP_INSTALL = YES;
				TARGET_NAME = OctavKit;
			};
			name = Debug;
		};
		OBJ_18 /* Release */ = {
			isa = XCBuildConfiguration;
			buildSettings = {
				ENABLE_TESTABILITY = YES;
				FRAMEWORK_SEARCH_PATHS = (
					"$(inherited)",
					"$(PLATFORM_DIR)/Developer/Library/Frameworks",
					"$(PROJECT_DIR)/Carthage/Build/iOS",
				);
				HEADER_SEARCH_PATHS = "$(inherited)";
				INFOPLIST_FILE = OctavKit.xcodeproj/OctavKit_Info.plist;
				LD_RUNPATH_SEARCH_PATHS = "$(TOOLCHAIN_DIR)/usr/lib/swift/macosx";
				OTHER_LDFLAGS = "$(inherited)";
				OTHER_SWIFT_FLAGS = "$(inherited)";
				PRODUCT_BUNDLE_IDENTIFIER = OctavKit;
				PRODUCT_MODULE_NAME = "$(TARGET_NAME:c99extidentifier)";
				PRODUCT_NAME = "$(TARGET_NAME:c99extidentifier)";
				SKIP_INSTALL = YES;
				TARGET_NAME = OctavKit;
			};
			name = Release;
		};
		OBJ_24 /* Debug */ = {
			isa = XCBuildConfiguration;
			buildSettings = {
				ALWAYS_EMBED_SWIFT_STANDARD_LIBRARIES = YES;
				EMBEDDED_CONTENT_CONTAINS_SWIFT = YES;
				FRAMEWORK_SEARCH_PATHS = (
					"$(inherited)",
					"$(PLATFORM_DIR)/Developer/Library/Frameworks",
					"$(PROJECT_DIR)/Carthage/Build/iOS",
				);
				HEADER_SEARCH_PATHS = "$(inherited)";
				INFOPLIST_FILE = OctavKit.xcodeproj/OctavKitTests_Info.plist;
				LD_RUNPATH_SEARCH_PATHS = "@loader_path/../Frameworks @loader_path/Frameworks";
				OTHER_LDFLAGS = "$(inherited)";
				OTHER_SWIFT_FLAGS = "$(inherited)";
				TARGET_NAME = OctavKitTests;
			};
			name = Debug;
		};
		OBJ_25 /* Release */ = {
			isa = XCBuildConfiguration;
			buildSettings = {
				ALWAYS_EMBED_SWIFT_STANDARD_LIBRARIES = YES;
				EMBEDDED_CONTENT_CONTAINS_SWIFT = YES;
				FRAMEWORK_SEARCH_PATHS = (
					"$(inherited)",
					"$(PLATFORM_DIR)/Developer/Library/Frameworks",
					"$(PROJECT_DIR)/Carthage/Build/iOS",
				);
				HEADER_SEARCH_PATHS = "$(inherited)";
				INFOPLIST_FILE = OctavKit.xcodeproj/OctavKitTests_Info.plist;
				LD_RUNPATH_SEARCH_PATHS = "@loader_path/../Frameworks @loader_path/Frameworks";
				OTHER_LDFLAGS = "$(inherited)";
				OTHER_SWIFT_FLAGS = "$(inherited)";
				TARGET_NAME = OctavKitTests;
			};
			name = Release;
		};
		OBJ_3 /* Debug */ = {
			isa = XCBuildConfiguration;
			buildSettings = {
				CLANG_ENABLE_OBJC_ARC = YES;
				COMBINE_HIDPI_IMAGES = YES;
				COPY_PHASE_STRIP = NO;
				DEBUG_INFORMATION_FORMAT = dwarf;
				DYLIB_INSTALL_NAME_BASE = "@rpath";
				ENABLE_NS_ASSERTIONS = YES;
				GCC_OPTIMIZATION_LEVEL = 0;
				MACOSX_DEPLOYMENT_TARGET = 10.10;
				ONLY_ACTIVE_ARCH = YES;
				OTHER_SWIFT_FLAGS = "-DXcode";
				PRODUCT_NAME = "$(TARGET_NAME)";
				SDKROOT = macosx;
				SUPPORTED_PLATFORMS = "macosx iphoneos iphonesimulator appletvos appletvsimulator watchos watchsimulator";
				SWIFT_ACTIVE_COMPILATION_CONDITIONS = SWIFT_PACKAGE;
				SWIFT_OPTIMIZATION_LEVEL = "-Onone";
				SWIFT_VERSION = 3.0;
				USE_HEADERMAP = NO;
			};
			name = Debug;
		};
		OBJ_4 /* Release */ = {
			isa = XCBuildConfiguration;
			buildSettings = {
				CLANG_ENABLE_OBJC_ARC = YES;
				COMBINE_HIDPI_IMAGES = YES;
				COPY_PHASE_STRIP = YES;
				DEBUG_INFORMATION_FORMAT = "dwarf-with-dsym";
				DYLIB_INSTALL_NAME_BASE = "@rpath";
				GCC_OPTIMIZATION_LEVEL = s;
				MACOSX_DEPLOYMENT_TARGET = 10.10;
				OTHER_SWIFT_FLAGS = "-DXcode";
				PRODUCT_NAME = "$(TARGET_NAME)";
				SDKROOT = macosx;
				SUPPORTED_PLATFORMS = "macosx iphoneos iphonesimulator appletvos appletvsimulator watchos watchsimulator";
				SWIFT_ACTIVE_COMPILATION_CONDITIONS = SWIFT_PACKAGE;
				SWIFT_OPTIMIZATION_LEVEL = "-Owholemodule";
				SWIFT_VERSION = 3.0;
				USE_HEADERMAP = NO;
			};
			name = Release;
		};
/* End XCBuildConfiguration section */

/* Begin XCConfigurationList section */
		OBJ_16 /* Build configuration list for PBXNativeTarget "OctavKit" */ = {
			isa = XCConfigurationList;
			buildConfigurations = (
				OBJ_17 /* Debug */,
				OBJ_18 /* Release */,
			);
			defaultConfigurationIsVisible = 0;
			defaultConfigurationName = Debug;
		};
		OBJ_2 /* Build configuration list for PBXProject "OctavKit" */ = {
			isa = XCConfigurationList;
			buildConfigurations = (
				OBJ_3 /* Debug */,
				OBJ_4 /* Release */,
			);
			defaultConfigurationIsVisible = 0;
			defaultConfigurationName = Debug;
		};
		OBJ_23 /* Build configuration list for PBXNativeTarget "OctavKitTests" */ = {
			isa = XCConfigurationList;
			buildConfigurations = (
				OBJ_24 /* Debug */,
				OBJ_25 /* Release */,
			);
			defaultConfigurationIsVisible = 0;
			defaultConfigurationName = Debug;
		};
/* End XCConfigurationList section */
	};
	rootObject = OBJ_1 /* Project object */;
}
